
Microsoft Visual Studio Solution File, Format Version 12.00
# Visual Studio Version 17
VisualStudioVersion = 17.9.34728.123
MinimumVisualStudioVersion = 10.0.40219.1
Project("{9A19103F-16F7-4668-BE54-9A1E7A4F7556}") = "Cookie Based AuthenticationIdenty", "Cookie Based AuthenticationWithIdentityBaseSetup\Cookie Based AuthenticationIdenty.csproj", "{2E358291-54E1-4B91-BB9E-ADE659519923}"
EndProject
Global
	GlobalSection(SolutionConfigurationPlatforms) = preSolution
		Debug|Any CPU = Debug|Any CPU
		Release|Any CPU = Release|Any CPU
	EndGlobalSection
	GlobalSection(ProjectConfigurationPlatforms) = postSolution
		{2E358291-54E1-4B91-BB9E-ADE659519923}.Debug|Any CPU.ActiveCfg = Debug|Any CPU
		{2E358291-54E1-4B91-BB9E-ADE659519923}.Debug|Any CPU.Build.0 = Debug|Any CPU
		{2E358291-54E1-4B91-BB9E-ADE659519923}.Release|Any CPU.ActiveCfg = Release|Any CPU
		{2E358291-54E1-4B91-BB9E-ADE659519923}.Release|Any CPU.Build.0 = Release|Any CPU
	EndGlobalSection
	GlobalSection(SolutionProperties) = preSolution
		HideSolutionNode = FALSE
	EndGlobalSection
	GlobalSection(ExtensibilityGlobals) = postSolution
		SolutionGuid = {F8BD34C1-E3AE-4C07-803C-842196570AD5}
	EndGlobalSection
EndGlobal
